PODS:
  - EasyToast (2.0.2)
  - YouTubePlayer (0.4.0)

DEPENDENCIES:
  - EasyToast
  - YouTubePlayer

SPEC CHECKSUMS:
  EasyToast: 2844de2158fe8d2313c6de81b5a858a909d82532
  YouTubePlayer: 028451f6772f372d4759866db99824c676ac1473

PODFILE CHECKSUM: 2a0798700d2793878bb818b5b14ccf542c57bc33

COCOAPODS: 1.2.1
